// !$*UTF8*$!
{
	archiveVersion = 1;
	classes = {
	};
	objectVersion = 50;
	objects = {

/* Begin PBXBuildFile section */
		8A8DA4092604BF1900FF2A7B /* AppDelegate.swift in Sources */ = {isa = PBXBuildFile; fileRef = 8A8DA4082604BF1900FF2A7B /* AppDelegate.swift */; };
		8A8DA40B2604BF1900FF2A7B /* SceneDelegate.swift in Sources */ = {isa = PBXBuildFile; fileRef = 8A8DA40A2604BF1900FF2A7B /* SceneDelegate.swift */; };
		8A8DA40D2604BF1900FF2A7B /* ViewController.swift in Sources */ = {isa = PBXBuildFile; fileRef = 8A8DA40C2604BF1900FF2A7B /* ViewController.swift */; };
		8A8DA4102604BF1900FF2A7B /* Main.storyboard in Resources */ = {isa = PBXBuildFile; fileRef = 8A8DA40E2604BF1900FF2A7B /* Main.storyboard */; };
		8A8DA4122604BF1A00FF2A7B /* Assets.xcassets in Resources */ = {isa = PBXBuildFile; fileRef = 8A8DA4112604BF1A00FF2A7B /* Assets.xcassets */; };
		8A8DA4152604BF1A00FF2A7B /* LaunchScreen.storyboard in Resources */ = {isa = PBXBuildFile; fileRef = 8A8DA4132604BF1A00FF2A7B /* LaunchScreen.storyboard */; };
		8A8DA41F2604BF6F00FF2A7B /* LineChartView.swift in Sources */ = {isa = PBXBuildFile; fileRef = 8A8DA41D2604BF6F00FF2A7B /* LineChartView.swift */; };
		8A8DA4202604BF6F00FF2A7B /* HorizonBarChartView.swift in Sources */ = {isa = PBXBuildFile; fileRef = 8A8DA41E2604BF6F00FF2A7B /* HorizonBarChartView.swift */; };
		8A8DA4252604C1E100FF2A7B /* HorizonBarViewController.swift in Sources */ = {isa = PBXBuildFile; fileRef = 8A8DA4242604C1E100FF2A7B /* HorizonBarViewController.swift */; };
		8A8DA4282604C57400FF2A7B /* LineChartViewController.swift in Sources */ = {isa = PBXBuildFile; fileRef = 8A8DA4272604C57400FF2A7B /* LineChartViewController.swift */; };
		8AA6316526059371007BFB5C /* ChartMakerView.swift in Sources */ = {isa = PBXBuildFile; fileRef = 8AA6316426059371007BFB5C /* ChartMakerView.swift */; };
		8AA631682605AB8D007BFB5C /* VerticalBarChartView.swift in Sources */ = {isa = PBXBuildFile; fileRef = 8AA631672605AB8D007BFB5C /* VerticalBarChartView.swift */; };
		8AA6316B2605BBE3007BFB5C /* VerticalBarViewController.swift in Sources */ = {isa = PBXBuildFile; fileRef = 8AA6316A2605BBE3007BFB5C /* VerticalBarViewController.swift */; };
/* End PBXBuildFile section */

/* Begin PBXFileReference section */
		8A8DA4052604BF1900FF2A7B /* SCharts.app */ = {isa = PBXFileReference; explicitFileType = wrapper.application; includeInIndex = 0; path = SCharts.app; sourceTree = BUILT_PRODUCTS_DIR; };
		8A8DA4082604BF1900FF2A7B /* AppDelegate.swift */ = {isa = PBXFileReference; lastKnownFileType = sourcecode.swift; path = AppDelegate.swift; sourceTree = "<group>"; };
		8A8DA40A2604BF1900FF2A7B /* SceneDelegate.swift */ = {isa = PBXFileReference; lastKnownFileType = sourcecode.swift; path = SceneDelegate.swift; sourceTree = "<group>"; };
		8A8DA40C2604BF1900FF2A7B /* ViewController.swift */ = {isa = PBXFileReference; lastKnownFileType = sourcecode.swift; path = ViewController.swift; sourceTree = "<group>"; };
		8A8DA40F2604BF1900FF2A7B /* Base */ = {isa = PBXFileReference; lastKnownFileType = file.storyboard; name = Base; path = Base.lproj/Main.storyboard; sourceTree = "<group>"; };
		8A8DA4112604BF1A00FF2A7B /* Assets.xcassets */ = {isa = PBXFileReference; lastKnownFileType = folder.assetcatalog; path = Assets.xcassets; sourceTree = "<group>"; };
		8A8DA4142604BF1A00FF2A7B /* Base */ = {isa = PBXFileReference; lastKnownFileType = file.storyboard; name = Base; path = Base.lproj/LaunchScreen.storyboard; sourceTree = "<group>"; };
		8A8DA4162604BF1A00FF2A7B /* Info.plist */ = {isa = PBXFileReference; lastKnownFileType = text.plist.xml; path = Info.plist; sourceTree = "<group>"; };
		8A8DA41D2604BF6F00FF2A7B /* LineChartView.swift */ = {isa = PBXFileReference; fileEncoding = 4; lastKnownFileType = sourcecode.swift; path = LineChartView.swift; sourceTree = "<group>"; };
		8A8DA41E2604BF6F00FF2A7B /* HorizonBarChartView.swift */ = {isa = PBXFileReference; fileEncoding = 4; lastKnownFileType = sourcecode.swift; path = HorizonBarChartView.swift; sourceTree = "<group>"; };
		8A8DA4242604C1E100FF2A7B /* HorizonBarViewController.swift */ = {isa = PBXFileReference; lastKnownFileType = sourcecode.swift; path = HorizonBarViewController.swift; sourceTree = "<group>"; };
		8A8DA4272604C57400FF2A7B /* LineChartViewController.swift */ = {isa = PBXFileReference; lastKnownFileType = sourcecode.swift; path = LineChartViewController.swift; sourceTree = "<group>"; };
		8AA6316426059371007BFB5C /* ChartMakerView.swift */ = {isa = PBXFileReference; lastKnownFileType = sourcecode.swift; path = ChartMakerView.swift; sourceTree = "<group>"; };
		8AA631672605AB8D007BFB5C /* VerticalBarChartView.swift */ = {isa = PBXFileReference; lastKnownFileType = sourcecode.swift; path = VerticalBarChartView.swift; sourceTree = "<group>"; };
		8AA6316A2605BBE3007BFB5C /* VerticalBarViewController.swift */ = {isa = PBXFileReference; lastKnownFileType = sourcecode.swift; path = VerticalBarViewController.swift; sourceTree = "<group>"; };
/* End PBXFileReference section */

/* Begin PBXFrameworksBuildPhase section */
		8A8DA4022604BF1900FF2A7B /* Frameworks */ = {
			isa = PBXFrameworksBuildPhase;
			buildActionMask = 2147483647;
			files = (
			);
			runOnlyForDeploymentPostprocessing = 0;
		};
/* End PBXFrameworksBuildPhase section */

/* Begin PBXGroup section */
		8A8DA3FC2604BF1900FF2A7B = {
			isa = PBXGroup;
			children = (
				8A8DA4072604BF1900FF2A7B /* SCharts */,
				8A8DA4062604BF1900FF2A7B /* Products */,
			);
			sourceTree = "<group>";
		};
		8A8DA4062604BF1900FF2A7B /* Products */ = {
			isa = PBXGroup;
			children = (
				8A8DA4052604BF1900FF2A7B /* SCharts.app */,
			);
			name = Products;
			sourceTree = "<group>";
		};
		8A8DA4072604BF1900FF2A7B /* SCharts */ = {
			isa = PBXGroup;
			children = (
				8A8DA4232604C1BB00FF2A7B /* Views */,
				8A8DA4082604BF1900FF2A7B /* AppDelegate.swift */,
				8A8DA40A2604BF1900FF2A7B /* SceneDelegate.swift */,
				8A8DA40C2604BF1900FF2A7B /* ViewController.swift */,
				8A8DA4242604C1E100FF2A7B /* HorizonBarViewController.swift */,
				8A8DA4272604C57400FF2A7B /* LineChartViewController.swift */,
				8AA6316A2605BBE3007BFB5C /* VerticalBarViewController.swift */,
				8A8DA40E2604BF1900FF2A7B /* Main.storyboard */,
				8A8DA4112604BF1A00FF2A7B /* Assets.xcassets */,
				8A8DA4132604BF1A00FF2A7B /* LaunchScreen.storyboard */,
				8A8DA4162604BF1A00FF2A7B /* Info.plist */,
			);
			path = SCharts;
			sourceTree = "<group>";
		};
		8A8DA4232604C1BB00FF2A7B /* Views */ = {
			isa = PBXGroup;
			children = (
				8A8DA41E2604BF6F00FF2A7B /* HorizonBarChartView.swift */,
				8A8DA41D2604BF6F00FF2A7B /* LineChartView.swift */,
				8AA6316426059371007BFB5C /* ChartMakerView.swift */,
				8AA631672605AB8D007BFB5C /* VerticalBarChartView.swift */,
			);
			path = Views;
			sourceTree = "<group>";
		};
/* End PBXGroup section */

/* Begin PBXNativeTarget section */
		8A8DA4042604BF1900FF2A7B /* SCharts */ = {
			isa = PBXNativeTarget;
			buildConfigurationList = 8A8DA4192604BF1A00FF2A7B /* Build configuration list for PBXNativeTarget "SCharts" */;
			buildPhases = (
				8A8DA4012604BF1900FF2A7B /* Sources */,
				8A8DA4022604BF1900FF2A7B /* Frameworks */,
				8A8DA4032604BF1900FF2A7B /* Resources */,
			);
			buildRules = (
			);
			dependencies = (
			);
			name = SCharts;
			productName = SCharts;
			productReference = 8A8DA4052604BF1900FF2A7B /* SCharts.app */;
			productType = "com.apple.product-type.application";
		};
/* End PBXNativeTarget section */

/* Begin PBXProject section */
		8A8DA3FD2604BF1900FF2A7B /* Project object */ = {
			isa = PBXProject;
			attributes = {
				LastSwiftUpdateCheck = 1240;
				LastUpgradeCheck = 1240;
				TargetAttributes = {
					8A8DA4042604BF1900FF2A7B = {
						CreatedOnToolsVersion = 12.4;
					};
				};
			};
			buildConfigurationList = 8A8DA4002604BF1900FF2A7B /* Build configuration list for PBXProject "SCharts" */;
			compatibilityVersion = "Xcode 9.3";
			developmentRegion = en;
			hasScannedForEncodings = 0;
			knownRegions = (
				en,
				Base,
			);
			mainGroup = 8A8DA3FC2604BF1900FF2A7B;
			productRefGroup = 8A8DA4062604BF1900FF2A7B /* Products */;
			projectDirPath = "";
			projectRoot = "";
			targets = (
				8A8DA4042604BF1900FF2A7B /* SCharts */,
			);
		};
/* End PBXProject section */

/* Begin PBXResourcesBuildPhase section */
		8A8DA4032604BF1900FF2A7B /* Resources */ = {
			isa = PBXResourcesBuildPhase;
			buildActionMask = 2147483647;
			files = (
				8A8DA4152604BF1A00FF2A7B /* LaunchScreen.storyboard in Resources */,
				8A8DA4122604BF1A00FF2A7B /* Assets.xcassets in Resources */,
				8A8DA4102604BF1900FF2A7B /* Main.storyboard in Resources */,
			);
			runOnlyForDeploymentPostprocessing = 0;
		};
/* End PBXResourcesBuildPhase section */

/* Begin PBXSourcesBuildPhase section */
		8A8DA4012604BF1900FF2A7B /* Sources */ = {
			isa = PBXSourcesBuildPhase;
			buildActionMask = 2147483647;
			files = (
				8A8DA40D2604BF1900FF2A7B /* ViewController.swift in Sources */,
				8A8DA4092604BF1900FF2A7B /* AppDelegate.swift in Sources */,
				8A8DA4202604BF6F00FF2A7B /* HorizonBarChartView.swift in Sources */,
				8A8DA40B2604BF1900FF2A7B /* SceneDelegate.swift in Sources */,
				8AA6316526059371007BFB5C /* ChartMakerView.swift in Sources */,
				8A8DA4252604C1E100FF2A7B /* HorizonBarViewController.swift in Sources */,
				8A8DA4282604C57400FF2A7B /* LineChartViewController.swift in Sources */,
				8AA631682605AB8D007BFB5C /* VerticalBarChartView.swift in Sources */,
				8AA6316B2605BBE3007BFB5C /* VerticalBarViewController.swift in Sources */,
				8A8DA41F2604BF6F00FF2A7B /* LineChartView.swift in Sources */,
			);
			runOnlyForDeploymentPostprocessing = 0;
		};
/* End PBXSourcesBuildPhase section */

/* Begin PBXVariantGroup section */
		8A8DA40E2604BF1900FF2A7B /* Main.storyboard */ = {
			isa = PBXVariantGroup;
			children = (
				8A8DA40F2604BF1900FF2A7B /* Base */,
			);
			name = Main.storyboard;
			sourceTree = "<group>";
		};
		8A8DA4132604BF1A00FF2A7B /* LaunchScreen.storyboard */ = {
			isa = PBXVariantGroup;
			children = (
				8A8DA4142604BF1A00FF2A7B /* Base */,
			);
			name = LaunchScreen.storyboard;
			sourceTree = "<group>";
		};
/* End PBXVariantGroup section */

/* Begin XCBuildConfiguration section */
		8A8DA4172604BF1A00FF2A7B /* Debug */ = {
			isa = XCBuildConfiguration;
			buildSettings = {
				ALWAYS_SEARCH_USER_PATHS = NO;
				CLANG_ANALYZER_NONNULL = YES;
				CLANG_ANALYZER_NUMBER_OBJECT_CONVERSION = YES_AGGRESSIVE;
				CLANG_CXX_LANGUAGE_STANDARD = "gnu++14";
				CLANG_CXX_LIBRARY = "libc++";
				CLANG_ENABLE_MODULES = YES;
				CLANG_ENABLE_OBJC_ARC = YES;
				CLANG_ENABLE_OBJC_WEAK = YES;
				CLANG_WARN_BLOCK_CAPTURE_AUTORELEASING = YES;
				CLANG_WARN_BOOL_CONVERSION = YES;
				CLANG_WARN_COMMA = YES;
				CLANG_WARN_CONSTANT_CONVERSION = YES;
				CLANG_WARN_DEPRECATED_OBJC_IMPLEMENTATIONS = YES;
				CLANG_WARN_DIRECT_OBJC_ISA_USAGE = YES_ERROR;
				CLANG_WARN_DOCUMENTATION_COMMENTS = YES;
				CLANG_WARN_EMPTY_BODY = YES;
				CLANG_WARN_ENUM_CONVERSION = YES;
				CLANG_WARN_INFINITE_RECURSION = YES;
				CLANG_WARN_INT_CONVERSION = YES;
				CLANG_WARN_NON_LITERAL_NULL_CONVERSION = YES;
				CLANG_WARN_OBJC_IMPLICIT_RETAIN_SELF = YES;
				CLANG_WARN_OBJC_LITERAL_CONVERSION = YES;
				CLANG_WARN_OBJC_ROOT_CLASS = YES_ERROR;
				CLANG_WARN_QUOTED_INCLUDE_IN_FRAMEWORK_HEADER = YES;
				CLANG_WARN_RANGE_LOOP_ANALYSIS = YES;
				CLANG_WARN_STRICT_PROTOTYPES = YES;
				CLANG_WARN_SUSPICIOUS_MOVE = YES;
				CLANG_WARN_UNGUARDED_AVAILABILITY = YES_AGGRESSIVE;
				CLANG_WARN_UNREACHABLE_CODE = YES;
				CLANG_WARN__DUPLICATE_METHOD_MATCH = YES;
				COPY_PHASE_STRIP = NO;
				DEBUG_INFORMATION_FORMAT = dwarf;
				ENABLE_STRICT_OBJC_MSGSEND = YES;
				ENABLE_TESTABILITY = YES;
				GCC_C_LANGUAGE_STANDARD = gnu11;
				GCC_DYNAMIC_NO_PIC = NO;
				GCC_NO_COMMON_BLOCKS = YES;
				GCC_OPTIMIZATION_LEVEL = 0;
				GCC_PREPROCESSOR_DEFINITIONS = (
					"DEBUG=1",
					"$(inherited)",
				);
				GCC_WARN_64_TO_32_BIT_CONVERSION = YES;
				GCC_WARN_ABOUT_RETURN_TYPE = YES_ERROR;
				GCC_WARN_UNDECLARED_SELECTOR = YES;
				GCC_WARN_UNINITIALIZED_AUTOS = YES_AGGRESSIVE;
				GCC_WARN_UNUSED_FUNCTION = YES;
				GCC_WARN_UNUSED_VARIABLE = YES;
				IPHONEOS_DEPLOYMENT_TARGET = 14.4;
				MTL_ENABLE_DEBUG_INFO = INCLUDE_SOURCE;
				MTL_FAST_MATH = YES;
				ONLY_ACTIVE_ARCH = YES;
				SDKROOT = iphoneos;
				SWIFT_ACTIVE_COMPILATION_CONDITIONS = DEBUG;
				SWIFT_OPTIMIZATION_LEVEL = "-Onone";
			};
			name = Debug;
		};
		8A8DA4182604BF1A00FF2A7B /* Release */ = {
			isa = XCBuildConfiguration;
			buildSettings = {
				ALWAYS_SEARCH_USER_PATHS = NO;
				CLANG_ANALYZER_NONNULL = YES;
				CLANG_ANALYZER_NUMBER_OBJECT_CONVERSION = YES_AGGRESSIVE;
				CLANG_CXX_LANGUAGE_STANDARD = "gnu++14";
				CLANG_CXX_LIBRARY = "libc++";
				CLANG_ENABLE_MODULES = YES;
				CLANG_ENABLE_OBJC_ARC = YES;
				CLANG_ENABLE_OBJC_WEAK = YES;
				CLANG_WARN_BLOCK_CAPTURE_AUTORELEASING = YES;
				CLANG_WARN_BOOL_CONVERSION = YES;
				CLANG_WARN_COMMA = YES;
				CLANG_WARN_CONSTANT_CONVERSION = YES;
				CLANG_WARN_DEPRECATED_OBJC_IMPLEMENTATIONS = YES;
				CLANG_WARN_DIRECT_OBJC_ISA_USAGE = YES_ERROR;
				CLANG_WARN_DOCUMENTATION_COMMENTS = YES;
				CLANG_WARN_EMPTY_BODY = YES;
				CLANG_WARN_ENUM_CONVERSION = YES;
				CLANG_WARN_INFINITE_RECURSION = YES;
				CLANG_WARN_INT_CONVERSION = YES;
				CLANG_WARN_NON_LITERAL_NULL_CONVERSION = YES;
				CLANG_WARN_OBJC_IMPLICIT_RETAIN_SELF = YES;
				CLANG_WARN_OBJC_LITERAL_CONVERSION = YES;
				CLANG_WARN_OBJC_ROOT_CLASS = YES_ERROR;
				CLANG_WARN_QUOTED_INCLUDE_IN_FRAMEWORK_HEADER = YES;
				CLANG_WARN_RANGE_LOOP_ANALYSIS = YES;
				CLANG_WARN_STRICT_PROTOTYPES = YES;
				CLANG_WARN_SUSPICIOUS_MOVE = YES;
				CLANG_WARN_UNGUARDED_AVAILABILITY = YES_AGGRESSIVE;
				CLANG_WARN_UNREACHABLE_CODE = YES;
				CLANG_WARN__DUPLICATE_METHOD_MATCH = YES;
				COPY_PHASE_STRIP = NO;
				DEBUG_INFORMATION_FORMAT = "dwarf-with-dsym";
				ENABLE_NS_ASSERTIONS = NO;
				ENABLE_STRICT_OBJC_MSGSEND = YES;
				GCC_C_LANGUAGE_STANDARD = gnu11;
				GCC_NO_COMMON_BLOCKS = YES;
				GCC_WARN_64_TO_32_BIT_CONVERSION = YES;
				GCC_WARN_ABOUT_RETURN_TYPE = YES_ERROR;
				GCC_WARN_UNDECLARED_SELECTOR = YES;
				GCC_WARN_UNINITIALIZED_AUTOS = YES_AGGRESSIVE;
				GCC_WARN_UNUSED_FUNCTION = YES;
				GCC_WARN_UNUSED_VARIABLE = YES;
				IPHONEOS_DEPLOYMENT_TARGET = 14.4;
				MTL_ENABLE_DEBUG_INFO = NO;
				MTL_FAST_MATH = YES;
				SDKROOT = iphoneos;
				SWIFT_COMPILATION_MODE = wholemodule;
				SWIFT_OPTIMIZATION_LEVEL = "-O";
				VALIDATE_PRODUCT = YES;
			};
			name = Release;
		};
		8A8DA41A2604BF1A00FF2A7B /* Debug */ = {
			isa = XCBuildConfiguration;
			buildSettings = {
				ASSETCATALOG_COMPILER_APPICON_NAME = AppIcon;
				ASSETCATALOG_COMPILER_GLOBAL_ACCENT_COLOR_NAME = AccentColor;
				CODE_SIGN_STYLE = Automatic;
				INFOPLIST_FILE = SCharts/Info.plist;
				LD_RUNPATH_SEARCH_PATHS = (
					"$(inherited)",
					"@executable_path/Frameworks",
				);
				PRODUCT_BUNDLE_IDENTIFIER = com.ginokeo.SCharts;
				PRODUCT_NAME = "$(TARGET_NAME)";
				SWIFT_VERSION = 5.0;
				TARGETED_DEVICE_FAMILY = "1,2";
			};
			name = Debug;
		};
		8A8DA41B2604BF1A00FF2A7B /* Release */ = {
			isa = XCBuildConfiguration;
			buildSettings = {
				ASSETCATALOG_COMPILER_APPICON_NAME = AppIcon;
				ASSETCATALOG_COMPILER_GLOBAL_ACCENT_COLOR_NAME = AccentColor;
				CODE_SIGN_STYLE = Automatic;
				INFOPLIST_FILE = SCharts/Info.plist;
				LD_RUNPATH_SEARCH_PATHS = (
					"$(inherited)",
					"@executable_path/Frameworks",
				);
				PRODUCT_BUNDLE_IDENTIFIER = com.ginokeo.SCharts;
				PRODUCT_NAME = "$(TARGET_NAME)";
				SWIFT_VERSION = 5.0;
				TARGETED_DEVICE_FAMILY = "1,2";
			};
			name = Release;
		};
/* End XCBuildConfiguration section */

/* Begin XCConfigurationList section */
		8A8DA4002604BF1900FF2A7B /* Build configuration list for PBXProject "SCharts" */ = {
			isa = XCConfigurationList;
			buildConfigurations = (
				8A8DA4172604BF1A00FF2A7B /* Debug */,
				8A8DA4182604BF1A00FF2A7B /* Release */,
			);
			defaultConfigurationIsVisible = 0;
			defaultConfigurationName = Release;
		};
		8A8DA4192604BF1A00FF2A7B /* Build configuration list for PBXNativeTarget "SCharts" */ = {
			isa = XCConfigurationList;
			buildConfigurations = (
				8A8DA41A2604BF1A00FF2A7B /* Debug */,
				8A8DA41B2604BF1A00FF2A7B /* Release */,
			);
			defaultConfigurationIsVisible = 0;
			defaultConfigurationName = Release;
		};
/* End XCConfigurationList section */
	};
	rootObject = 8A8DA3FD2604BF1900FF2A7B /* Project object */;
}
